{
    "_readme": [
        "This file locks the dependencies of your project to a known state",
        "Read more about it at https://getcomposer.org/doc/01-basic-usage.md#installing-dependencies",
        "This file is @generated automatically"
    ],
    "content-hash": "83eef296bcbfdb7eed93e9212bb2a686",
    "packages": [
        {
            "name": "hengeb/db",
            "version": "v0.5",
            "source": {
                "type": "git",
                "url": "https://github.com/hengeb/db.git",
                "reference": "5d5b5f4c69be7ae00fc02ff9b3952b00a3d79dfb"
            },
            "dist": {
                "type": "zip",
                "url": "https://api.github.com/repos/hengeb/db/zipball/5d5b5f4c69be7ae00fc02ff9b3952b00a3d79dfb",
                "reference": "5d5b5f4c69be7ae00fc02ff9b3952b00a3d79dfb",
                "shasum": ""
            },
            "require": {
                "ext-pdo_mysql": "*",
                "php": ">=7.4.0"
            },
            "type": "library",
            "autoload": {
                "psr-4": {
                    "Hengeb\\Db\\": "src"
                }
            },
            "notification-url": "https://packagist.org/downloads/",
            "license": [
                "MIT"
            ],
            "authors": [
                {
                    "name": "Henrik Gebauer",
                    "email": "code@henrik-gebauer.de",
                    "homepage": "https://www.henrik-gebauer.de",
                    "role": "Developer"
                }
            ],
            "description": "A simple mysql library (PDO wrapper)",
            "support": {
                "issues": "https://github.com/hengeb/db/issues",
                "source": "https://github.com/hengeb/db/tree/v0.5"
            },
            "time": "2025-03-02T00:14:14+00:00"
        },
        {
            "name": "hengeb/router",
            "version": "v0.7",
            "source": {
                "type": "git",
                "url": "https://github.com/hengeb/router.git",
                "reference": "b5c85bd7de9905eff102dfe4cd1f4368efc96746"
            },
            "dist": {
                "type": "zip",
                "url": "https://api.github.com/repos/hengeb/router/zipball/b5c85bd7de9905eff102dfe4cd1f4368efc96746",
                "reference": "b5c85bd7de9905eff102dfe4cd1f4368efc96746",
                "shasum": ""
            },
            "require": {
                "php": ">=8.0.0",
                "symfony/http-foundation": ">=7.0"
            },
            "type": "library",
            "autoload": {
                "psr-4": {
                    "Hengeb\\Router\\": "src"
                }
            },
            "notification-url": "https://packagist.org/downloads/",
            "license": [
                "MIT"
            ],
            "authors": [
                {
                    "name": "Henrik Gebauer",
                    "email": "code@henrik-gebauer.de",
                    "homepage": "https://www.henrik-gebauer.de",
                    "role": "Developer"
                }
            ],
            "description": "a PHP router that makes use of attributes",
            "support": {
                "issues": "https://github.com/hengeb/router/issues",
                "source": "https://github.com/hengeb/router/tree/v0.7"
            },
            "time": "2026-01-30T23:09:25+00:00"
        },
        {
            "name": "hengeb/token",
            "version": "v0.0.2",
            "source": {
                "type": "git",
                "url": "https://github.com/hengeb/token.git",
                "reference": "d56eee310b53da4d1c4241a76eb7738fceb9ad7a"
            },
            "dist": {
                "type": "zip",
                "url": "https://api.github.com/repos/hengeb/token/zipball/d56eee310b53da4d1c4241a76eb7738fceb9ad7a",
                "reference": "d56eee310b53da4d1c4241a76eb7738fceb9ad7a",
                "shasum": ""
            },
            "require": {
                "php": ">=7.4.0"
            },
            "type": "library",
            "autoload": {
                "psr-4": {
                    "Hengeb\\Token\\": "src"
                }
            },
            "notification-url": "https://packagist.org/downloads/",
            "license": [
                "MIT"
            ],
            "authors": [
                {
                    "name": "Henrik Gebauer",
                    "email": "code@henrik-gebauer.de",
                    "homepage": "https://www.henrik-gebauer.de",
                    "role": "Developer"
                }
            ],
            "description": "A small webtoken",
            "support": {
                "issues": "https://github.com/hengeb/token/issues",
                "source": "https://github.com/hengeb/token/tree/v0.0.2"
            },
            "time": "2025-08-22T20:56:53+00:00"
        },
        {
            "name": "latte/latte",
            "version": "v3.1.1",
            "source": {
                "type": "git",
                "url": "https://github.com/nette/latte.git",
                "reference": "cb98e705eeb0fd18f1f1c5cfe1a5f6217f9fa8b3"
            },
            "dist": {
                "type": "zip",
                "url": "https://api.github.com/repos/nette/latte/zipball/cb98e705eeb0fd18f1f1c5cfe1a5f6217f9fa8b3",
                "reference": "cb98e705eeb0fd18f1f1c5cfe1a5f6217f9fa8b3",
                "shasum": ""
            },
            "require": {
                "ext-json": "*",
                "ext-tokenizer": "*",
                "php": "8.2 - 8.5"
            },
            "conflict": {
                "nette/application": "<3.1.7",
                "nette/caching": "<3.1.4"
            },
            "require-dev": {
                "nette/php-generator": "^4.0",
                "nette/tester": "^2.5",
                "nette/utils": "^4.0",
                "phpstan/phpstan-nette": "^2.0@stable",
                "tracy/tracy": "^2.10"
            },
            "suggest": {
                "ext-fileinfo": "to use filter |datastream",
                "ext-iconv": "to use filters |reverse, |substring",
                "ext-intl": "to use Latte\\Engine::setLocale()",
                "ext-mbstring": "to use filters like lower, upper, capitalize, ...",
                "nette/php-generator": "to use tag {templatePrint}",
                "nette/utils": "to use filter |webalize"
            },
            "bin": [
                "bin/latte-lint"
            ],
            "type": "library",
            "extra": {
                "branch-alias": {
                    "dev-master": "3.1-dev"
                }
            },
            "autoload": {
                "psr-4": {
                    "Latte\\": "src/Latte"
                },
                "classmap": [
                    "src/"
                ]
            },
            "notification-url": "https://packagist.org/downloads/",
            "license": [
                "BSD-3-Clause",
                "GPL-2.0-only",
                "GPL-3.0-only"
            ],
            "authors": [
                {
                    "name": "David Grudl",
                    "homepage": "https://davidgrudl.com"
                },
                {
                    "name": "Nette Community",
                    "homepage": "https://nette.org/contributors"
                }
            ],
            "description": "☕ Latte: the intuitive and fast template engine for those who want the most secure PHP sites. Introduces context-sensitive escaping.",
            "homepage": "https://latte.nette.org",
            "keywords": [
                "context-sensitive",
                "engine",
                "escaping",
                "html",
                "nette",
                "security",
                "template",
                "twig"
            ],
            "support": {
                "issues": "https://github.com/nette/latte/issues",
                "source": "https://github.com/nette/latte/tree/v3.1.1"
            },
            "time": "2025-12-18T22:30:40+00:00"
        },
        {
            "name": "phpmailer/phpmailer",
            "version": "v7.0.2",
            "source": {
                "type": "git",
                "url": "https://github.com/PHPMailer/PHPMailer.git",
                "reference": "ebf1655bd5b99b3f97e1a3ec0a69e5f4cd7ea088"
            },
            "dist": {
                "type": "zip",
                "url": "https://api.github.com/repos/PHPMailer/PHPMailer/zipball/ebf1655bd5b99b3f97e1a3ec0a69e5f4cd7ea088",
                "reference": "ebf1655bd5b99b3f97e1a3ec0a69e5f4cd7ea088",
                "shasum": ""
            },
            "require": {
                "ext-ctype": "*",
                "ext-filter": "*",
                "ext-hash": "*",
                "php": ">=5.5.0"
            },
            "require-dev": {
                "dealerdirect/phpcodesniffer-composer-installer": "^1.0",
                "doctrine/annotations": "^1.2.6 || ^1.13.3",
                "php-parallel-lint/php-console-highlighter": "^1.0.0",
                "php-parallel-lint/php-parallel-lint": "^1.3.2",
                "phpcompatibility/php-compatibility": "^10.0.0@dev",
                "squizlabs/php_codesniffer": "^3.13.5",
                "yoast/phpunit-polyfills": "^1.0.4"
            },
            "suggest": {
                "decomplexity/SendOauth2": "Adapter for using XOAUTH2 authentication",
                "directorytree/imapengine": "For uploading sent messages via IMAP, see gmail example",
                "ext-imap": "Needed to support advanced email address parsing according to RFC822",
                "ext-mbstring": "Needed to send email in multibyte encoding charset or decode encoded addresses",
                "ext-openssl": "Needed for secure SMTP sending and DKIM signing",
                "greew/oauth2-azure-provider": "Needed for Microsoft Azure XOAUTH2 authentication",
                "hayageek/oauth2-yahoo": "Needed for Yahoo XOAUTH2 authentication",
                "league/oauth2-google": "Needed for Google XOAUTH2 authentication",
                "psr/log": "For optional PSR-3 debug logging",
                "symfony/polyfill-mbstring": "To support UTF-8 if the Mbstring PHP extension is not enabled (^1.2)",
                "thenetworg/oauth2-azure": "Needed for Microsoft XOAUTH2 authentication"
            },
            "type": "library",
            "autoload": {
                "psr-4": {
                    "PHPMailer\\PHPMailer\\": "src/"
                }
            },
            "notification-url": "https://packagist.org/downloads/",
            "license": [
                "LGPL-2.1-only"
            ],
            "authors": [
                {
                    "name": "Marcus Bointon",
                    "email": "phpmailer@synchromedia.co.uk"
                },
                {
                    "name": "Jim Jagielski",
                    "email": "jimjag@gmail.com"
                },
                {
                    "name": "Andy Prevost",
                    "email": "codeworxtech@users.sourceforge.net"
                },
                {
                    "name": "Brent R. Matzelle"
                }
            ],
            "description": "PHPMailer is a full-featured email creation and transfer class for PHP",
            "support": {
                "issues": "https://github.com/PHPMailer/PHPMailer/issues",
                "source": "https://github.com/PHPMailer/PHPMailer/tree/v7.0.2"
            },
            "funding": [
                {
                    "url": "https://github.com/Synchro",
                    "type": "github"
                }
            ],
            "time": "2026-01-09T18:02:33+00:00"
        },
        {
            "name": "symfony/deprecation-contracts",
            "version": "v3.6.0",
            "source": {
                "type": "git",
                "url": "https://github.com/symfony/deprecation-contracts.git",
                "reference": "63afe740e99a13ba87ec199bb07bbdee937a5b62"
            },
            "dist": {
                "type": "zip",
                "url": "https://api.github.com/repos/symfony/deprecation-contracts/zipball/63afe740e99a13ba87ec199bb07bbdee937a5b62",
                "reference": "63afe740e99a13ba87ec199bb07bbdee937a5b62",
                "shasum": ""
            },
            "require": {
                "php": ">=8.1"
            },
            "type": "library",
            "extra": {
                "thanks": {
                    "url": "https://github.com/symfony/contracts",
                    "name": "symfony/contracts"
                },
                "branch-alias": {
                    "dev-main": "3.6-dev"
                }
            },
            "autoload": {
                "files": [
                    "function.php"
                ]
            },
            "notification-url": "https://packagist.org/downloads/",
            "license": [
                "MIT"
            ],
            "authors": [
                {
                    "name": "Nicolas Grekas",
                    "email": "p@tchwork.com"
                },
                {
                    "name": "Symfony Community",
                    "homepage": "https://symfony.com/contributors"
                }
            ],
            "description": "A generic function and convention to trigger deprecation notices",
            "homepage": "https://symfony.com",
            "support": {
                "source": "https://github.com/symfony/deprecation-contracts/tree/v3.6.0"
            },
            "funding": [
                {
                    "url": "https://symfony.com/sponsor",
                    "type": "custom"
                },
                {
                    "url": "https://github.com/fabpot",
                    "type": "github"
                },
                {
                    "url": "https://tidelift.com/funding/github/packagist/symfony/symfony",
                    "type": "tidelift"
                }
            ],
            "time": "2024-09-25T14:21:43+00:00"
        },
        {
            "name": "symfony/http-foundation",
            "version": "v8.0.5",
            "source": {
                "type": "git",
                "url": "https://github.com/symfony/http-foundation.git",
                "reference": "e3422806e6f6760dbed0ddbc0a7fbfb6b5ce96bb"
            },
            "dist": {
                "type": "zip",
                "url": "https://api.github.com/repos/symfony/http-foundation/zipball/e3422806e6f6760dbed0ddbc0a7fbfb6b5ce96bb",
                "reference": "e3422806e6f6760dbed0ddbc0a7fbfb6b5ce96bb",
                "shasum": ""
            },
            "require": {
                "php": ">=8.4",
                "symfony/polyfill-mbstring": "^1.1"
            },
            "conflict": {
                "doctrine/dbal": "<4.3"
            },
            "require-dev": {
                "doctrine/dbal": "^4.3",
                "predis/predis": "^1.1|^2.0",
                "symfony/cache": "^7.4|^8.0",
                "symfony/clock": "^7.4|^8.0",
                "symfony/dependency-injection": "^7.4|^8.0",
                "symfony/expression-language": "^7.4|^8.0",
                "symfony/http-kernel": "^7.4|^8.0",
                "symfony/mime": "^7.4|^8.0",
                "symfony/rate-limiter": "^7.4|^8.0"
            },
            "type": "library",
            "autoload": {
                "psr-4": {
                    "Symfony\\Component\\HttpFoundation\\": ""
                },
                "exclude-from-classmap": [
                    "/Tests/"
                ]
            },
            "notification-url": "https://packagist.org/downloads/",
            "license": [
                "MIT"
            ],
            "authors": [
                {
                    "name": "Fabien Potencier",
                    "email": "fabien@symfony.com"
                },
                {
                    "name": "Symfony Community",
                    "homepage": "https://symfony.com/contributors"
                }
            ],
            "description": "Defines an object-oriented layer for the HTTP specification",
            "homepage": "https://symfony.com",
            "support": {
                "source": "https://github.com/symfony/http-foundation/tree/v8.0.5"
            },
            "funding": [
                {
                    "url": "https://symfony.com/sponsor",
                    "type": "custom"
                },
                {
                    "url": "https://github.com/fabpot",
                    "type": "github"
                },
                {
                    "url": "https://github.com/nicolas-grekas",
                    "type": "github"
                },
                {
                    "url": "https://tidelift.com/funding/github/packagist/symfony/symfony",
                    "type": "tidelift"
                }
            ],
            "time": "2026-01-27T16:18:07+00:00"
        },
        {
            "name": "symfony/ldap",
            "version": "v8.0.4",
            "source": {
                "type": "git",
                "url": "https://github.com/symfony/ldap.git",
                "reference": "378a661315170e7d7827230281f0a0e4d3f4b507"
            },
            "dist": {
                "type": "zip",
                "url": "https://api.github.com/repos/symfony/ldap/zipball/378a661315170e7d7827230281f0a0e4d3f4b507",
                "reference": "378a661315170e7d7827230281f0a0e4d3f4b507",
                "shasum": ""
            },
            "require": {
                "ext-ldap": "*",
                "php": ">=8.4",
                "symfony/options-resolver": "^7.4|^8.0"
            },
            "conflict": {
                "symfony/security-core": "<8.0"
            },
            "require-dev": {
                "symfony/security-core": "^8.0",
                "symfony/security-http": "^7.4|^8.0"
            },
            "type": "library",
            "autoload": {
                "psr-4": {
                    "Symfony\\Component\\Ldap\\": ""
                },
                "exclude-from-classmap": [
                    "/Tests/"
                ]
            },
            "notification-url": "https://packagist.org/downloads/",
            "license": [
                "MIT"
            ],
            "authors": [
                {
                    "name": "Charles Sarrazin",
                    "email": "charles@sarraz.in"
                },
                {
                    "name": "Symfony Community",
                    "homepage": "https://symfony.com/contributors"
                }
            ],
            "description": "Provides a LDAP client for PHP on top of PHP's ldap extension",
            "homepage": "https://symfony.com",
            "keywords": [
                "active-directory",
                "ldap"
            ],
            "support": {
                "source": "https://github.com/symfony/ldap/tree/v8.0.4"
            },
            "funding": [
                {
                    "url": "https://symfony.com/sponsor",
                    "type": "custom"
                },
                {
                    "url": "https://github.com/fabpot",
                    "type": "github"
                },
                {
                    "url": "https://github.com/nicolas-grekas",
                    "type": "github"
                },
                {
                    "url": "https://tidelift.com/funding/github/packagist/symfony/symfony",
                    "type": "tidelift"
                }
            ],
            "time": "2026-01-23T11:07:10+00:00"
        },
        {
            "name": "symfony/mime",
            "version": "v8.0.5",
            "source": {
                "type": "git",
                "url": "https://github.com/symfony/mime.git",
                "reference": "543d01b6ee4b8eb80ce9349186ad530eb8704252"
            },
            "dist": {
                "type": "zip",
                "url": "https://api.github.com/repos/symfony/mime/zipball/543d01b6ee4b8eb80ce9349186ad530eb8704252",
                "reference": "543d01b6ee4b8eb80ce9349186ad530eb8704252",
                "shasum": ""
            },
            "require": {
                "php": ">=8.4",
                "symfony/polyfill-intl-idn": "^1.10",
                "symfony/polyfill-mbstring": "^1.0"
            },
            "conflict": {
                "egulias/email-validator": "~3.0.0",
                "phpdocumentor/reflection-docblock": "<5.2|>=6",
                "phpdocumentor/type-resolver": "<1.5.1"
            },
            "require-dev": {
                "egulias/email-validator": "^2.1.10|^3.1|^4",
                "league/html-to-markdown": "^5.0",
                "phpdocumentor/reflection-docblock": "^5.2",
                "symfony/dependency-injection": "^7.4|^8.0",
                "symfony/process": "^7.4|^8.0",
                "symfony/property-access": "^7.4|^8.0",
                "symfony/property-info": "^7.4|^8.0",
                "symfony/serializer": "^7.4|^8.0"
            },
            "type": "library",
            "autoload": {
                "psr-4": {
                    "Symfony\\Component\\Mime\\": ""
                },
                "exclude-from-classmap": [
                    "/Tests/"
                ]
            },
            "notification-url": "https://packagist.org/downloads/",
            "license": [
                "MIT"
            ],
            "authors": [
                {
                    "name": "Fabien Potencier",
                    "email": "fabien@symfony.com"
                },
                {
                    "name": "Symfony Community",
                    "homepage": "https://symfony.com/contributors"
                }
            ],
            "description": "Allows manipulating MIME messages",
            "homepage": "https://symfony.com",
            "keywords": [
                "mime",
                "mime-type"
            ],
            "support": {
                "source": "https://github.com/symfony/mime/tree/v8.0.5"
            },
            "funding": [
                {
                    "url": "https://symfony.com/sponsor",
                    "type": "custom"
                },
                {
                    "url": "https://github.com/fabpot",
                    "type": "github"
                },
                {
                    "url": "https://github.com/nicolas-grekas",
                    "type": "github"
                },
                {
                    "url": "https://tidelift.com/funding/github/packagist/symfony/symfony",
                    "type": "tidelift"
                }
            ],
            "time": "2026-01-27T09:06:10+00:00"
        },
        {
            "name": "symfony/options-resolver",
            "version": "v8.0.0",
            "source": {
                "type": "git",
                "url": "https://github.com/symfony/options-resolver.git",
                "reference": "d2b592535ffa6600c265a3893a7f7fd2bad82dd7"
            },
            "dist": {
                "type": "zip",
                "url": "https://api.github.com/repos/symfony/options-resolver/zipball/d2b592535ffa6600c265a3893a7f7fd2bad82dd7",
                "reference": "d2b592535ffa6600c265a3893a7f7fd2bad82dd7",
                "shasum": ""
            },
            "require": {
                "php": ">=8.4",
                "symfony/deprecation-contracts": "^2.5|^3"
            },
            "type": "library",
            "autoload": {
                "psr-4": {
                    "Symfony\\Component\\OptionsResolver\\": ""
                },
                "exclude-from-classmap": [
                    "/Tests/"
                ]
            },
            "notification-url": "https://packagist.org/downloads/",
            "license": [
                "MIT"
            ],
            "authors": [
                {
                    "name": "Fabien Potencier",
                    "email": "fabien@symfony.com"
                },
                {
                    "name": "Symfony Community",
                    "homepage": "https://symfony.com/contributors"
                }
            ],
            "description": "Provides an improved replacement for the array_replace PHP function",
            "homepage": "https://symfony.com",
            "keywords": [
                "config",
                "configuration",
                "options"
            ],
            "support": {
                "source": "https://github.com/symfony/options-resolver/tree/v8.0.0"
            },
            "funding": [
                {
                    "url": "https://symfony.com/sponsor",
                    "type": "custom"
                },
                {
                    "url": "https://github.com/fabpot",
                    "type": "github"
                },
                {
                    "url": "https://github.com/nicolas-grekas",
                    "type": "github"
                },
                {
                    "url": "https://tidelift.com/funding/github/packagist/symfony/symfony",
                    "type": "tidelift"
                }
            ],
            "time": "2025-11-12T15:55:31+00:00"
        },
        {
            "name": "symfony/polyfill-intl-idn",
            "version": "v1.33.0",
            "source": {
                "type": "git",
                "url": "https://github.com/symfony/polyfill-intl-idn.git",
                "reference": "9614ac4d8061dc257ecc64cba1b140873dce8ad3"
            },
            "dist": {
                "type": "zip",
                "url": "https://api.github.com/repos/symfony/polyfill-intl-idn/zipball/9614ac4d8061dc257ecc64cba1b140873dce8ad3",
                "reference": "9614ac4d8061dc257ecc64cba1b140873dce8ad3",
                "shasum": ""
            },
            "require": {
                "php": ">=7.2",
                "symfony/polyfill-intl-normalizer": "^1.10"
            },
            "suggest": {
                "ext-intl": "For best performance"
            },
            "type": "library",
            "extra": {
                "thanks": {
                    "url": "https://github.com/symfony/polyfill",
                    "name": "symfony/polyfill"
                }
            },
            "autoload": {
                "files": [
                    "bootstrap.php"
                ],
                "psr-4": {
                    "Symfony\\Polyfill\\Intl\\Idn\\": ""
                }
            },
            "notification-url": "https://packagist.org/downloads/",
            "license": [
                "MIT"
            ],
            "authors": [
                {
                    "name": "Laurent Bassin",
                    "email": "laurent@bassin.info"
                },
                {
                    "name": "Trevor Rowbotham",
                    "email": "trevor.rowbotham@pm.me"
                },
                {
                    "name": "Symfony Community",
                    "homepage": "https://symfony.com/contributors"
                }
            ],
            "description": "Symfony polyfill for intl's idn_to_ascii and idn_to_utf8 functions",
            "homepage": "https://symfony.com",
            "keywords": [
                "compatibility",
                "idn",
                "intl",
                "polyfill",
                "portable",
                "shim"
            ],
            "support": {
                "source": "https://github.com/symfony/polyfill-intl-idn/tree/v1.33.0"
            },
            "funding": [
                {
                    "url": "https://symfony.com/sponsor",
                    "type": "custom"
                },
                {
                    "url": "https://github.com/fabpot",
                    "type": "github"
                },
                {
                    "url": "https://github.com/nicolas-grekas",
                    "type": "github"
                },
                {
                    "url": "https://tidelift.com/funding/github/packagist/symfony/symfony",
                    "type": "tidelift"
                }
            ],
            "time": "2024-09-10T14:38:51+00:00"
        },
        {
            "name": "symfony/polyfill-intl-normalizer",
            "version": "v1.33.0",
            "source": {
                "type": "git",
                "url": "https://github.com/symfony/polyfill-intl-normalizer.git",
                "reference": "3833d7255cc303546435cb650316bff708a1c75c"
            },
            "dist": {
                "type": "zip",
                "url": "https://api.github.com/repos/symfony/polyfill-intl-normalizer/zipball/3833d7255cc303546435cb650316bff708a1c75c",
                "reference": "3833d7255cc303546435cb650316bff708a1c75c",
                "shasum": ""
            },
            "require": {
                "php": ">=7.2"
            },
            "suggest": {
                "ext-intl": "For best performance"
            },
            "type": "library",
            "extra": {
                "thanks": {
                    "url": "https://github.com/symfony/polyfill",
                    "name": "symfony/polyfill"
                }
            },
            "autoload": {
                "files": [
                    "bootstrap.php"
                ],
                "psr-4": {
                    "Symfony\\Polyfill\\Intl\\Normalizer\\": ""
                },
                "classmap": [
                    "Resources/stubs"
                ]
            },
            "notification-url": "https://packagist.org/downloads/",
            "license": [
                "MIT"
            ],
            "authors": [
                {
                    "name": "Nicolas Grekas",
                    "email": "p@tchwork.com"
                },
                {
                    "name": "Symfony Community",
                    "homepage": "https://symfony.com/contributors"
                }
            ],
            "description": "Symfony polyfill for intl's Normalizer class and related functions",
            "homepage": "https://symfony.com",
            "keywords": [
                "compatibility",
                "intl",
                "normalizer",
                "polyfill",
                "portable",
                "shim"
            ],
            "support": {
                "source": "https://github.com/symfony/polyfill-intl-normalizer/tree/v1.33.0"
            },
            "funding": [
                {
                    "url": "https://symfony.com/sponsor",
                    "type": "custom"
                },
                {
                    "url": "https://github.com/fabpot",
                    "type": "github"
                },
                {
                    "url": "https://github.com/nicolas-grekas",
                    "type": "github"
                },
                {
                    "url": "https://tidelift.com/funding/github/packagist/symfony/symfony",
                    "type": "tidelift"
                }
            ],
            "time": "2024-09-09T11:45:10+00:00"
        },
        {
            "name": "symfony/polyfill-mbstring",
            "version": "v1.33.0",
            "source": {
                "type": "git",
                "url": "https://github.com/symfony/polyfill-mbstring.git",
                "reference": "6d857f4d76bd4b343eac26d6b539585d2bc56493"
            },
            "dist": {
                "type": "zip",
                "url": "https://api.github.com/repos/symfony/polyfill-mbstring/zipball/6d857f4d76bd4b343eac26d6b539585d2bc56493",
                "reference": "6d857f4d76bd4b343eac26d6b539585d2bc56493",
                "shasum": ""
            },
            "require": {
                "ext-iconv": "*",
                "php": ">=7.2"
            },
            "provide": {
                "ext-mbstring": "*"
            },
            "suggest": {
                "ext-mbstring": "For best performance"
            },
            "type": "library",
            "extra": {
                "thanks": {
                    "url": "https://github.com/symfony/polyfill",
                    "name": "symfony/polyfill"
                }
            },
            "autoload": {
                "files": [
                    "bootstrap.php"
                ],
                "psr-4": {
                    "Symfony\\Polyfill\\Mbstring\\": ""
                }
            },
            "notification-url": "https://packagist.org/downloads/",
            "license": [
                "MIT"
            ],
            "authors": [
                {
                    "name": "Nicolas Grekas",
                    "email": "p@tchwork.com"
                },
                {
                    "name": "Symfony Community",
                    "homepage": "https://symfony.com/contributors"
                }
            ],
            "description": "Symfony polyfill for the Mbstring extension",
            "homepage": "https://symfony.com",
            "keywords": [
                "compatibility",
                "mbstring",
                "polyfill",
                "portable",
                "shim"
            ],
            "support": {
                "source": "https://github.com/symfony/polyfill-mbstring/tree/v1.33.0"
            },
            "funding": [
                {
                    "url": "https://symfony.com/sponsor",
                    "type": "custom"
                },
                {
                    "url": "https://github.com/fabpot",
                    "type": "github"
                },
                {
                    "url": "https://github.com/nicolas-grekas",
                    "type": "github"
                },
                {
                    "url": "https://tidelift.com/funding/github/packagist/symfony/symfony",
                    "type": "tidelift"
                }
            ],
            "time": "2024-12-23T08:48:59+00:00"
        },
        {
            "name": "tracy/tracy",
            "version": "v2.11.0",
            "source": {
                "type": "git",
                "url": "https://github.com/nette/tracy.git",
                "reference": "eec57bcf2ff11d79f519a19da9d7ae1e2c63c42e"
            },
            "dist": {
                "type": "zip",
                "url": "https://api.github.com/repos/nette/tracy/zipball/eec57bcf2ff11d79f519a19da9d7ae1e2c63c42e",
                "reference": "eec57bcf2ff11d79f519a19da9d7ae1e2c63c42e",
                "shasum": ""
            },
            "require": {
                "ext-json": "*",
                "ext-session": "*",
                "php": "8.2 - 8.5"
            },
            "conflict": {
                "nette/di": "<3.0"
            },
            "require-dev": {
                "latte/latte": "^2.5 || ^3.0",
                "nette/di": "^3.0",
                "nette/http": "^3.0",
                "nette/mail": "^3.0 || ^4.0",
                "nette/tester": "^2.2",
                "nette/utils": "^3.0 || ^4.0",
                "phpstan/phpstan-nette": "^2.0@stable",
                "psr/log": "^1.0 || ^2.0 || ^3.0"
            },
            "type": "library",
            "extra": {
                "branch-alias": {
                    "dev-master": "2.11-dev"
                }
            },
            "autoload": {
                "files": [
                    "src/Tracy/functions.php"
                ],
                "psr-4": {
                    "Tracy\\": "src"
                },
                "classmap": [
                    "src"
                ]
            },
            "notification-url": "https://packagist.org/downloads/",
            "license": [
                "BSD-3-Clause"
            ],
            "authors": [
                {
                    "name": "David Grudl",
                    "homepage": "https://davidgrudl.com"
                },
                {
                    "name": "Nette Community",
                    "homepage": "https://nette.org/contributors"
                }
            ],
            "description": "😎  Tracy: the addictive tool to ease debugging PHP code for cool developers. Friendly design, logging, profiler, advanced features like debugging AJAX calls or CLI support. You will love it.",
            "homepage": "https://tracy.nette.org",
            "keywords": [
                "Xdebug",
                "debug",
                "debugger",
                "nette",
                "profiler"
            ],
            "support": {
                "issues": "https://github.com/nette/tracy/issues",
                "source": "https://github.com/nette/tracy/tree/v2.11.0"
            },
            "time": "2025-10-31T00:12:50+00:00"
        }
    ],
    "packages-dev": [],
    "aliases": [],
    "minimum-stability": "stable",
    "stability-flags": {},
    "prefer-stable": false,
    "prefer-lowest": false,
    "platform": {
        "php": ">=8.0"
    },
    "platform-dev": {},
    "plugin-api-version": "2.6.0"
}
